
Microsoft Visual Studio Solution File, Format Version 12.00
# Visual Studio Version 17
VisualStudioVersion = 17.8.34316.72
MinimumVisualStudioVersion = 10.0.40219.1
Project("{FAE04EC0-301F-11D3-BF4B-00C04F79EFBC}") = "CurrencyEventExample", "CurrencyEventExample\CurrencyEventExample.csproj", "{D033BEB2-EAD8-464C-9712-0AC4BB024E55}"
EndProject
Global
	GlobalSection(SolutionConfigurationPlatforms) = preSolution
		Debug|Any CPU = Debug|Any CPU
		Release|Any CPU = Release|Any CPU
	EndGlobalSection
	GlobalSection(ProjectConfigurationPlatforms) = postSolution
		{D033BEB2-EAD8-464C-9712-0AC4BB024E55}.Debug|Any CPU.ActiveCfg = Debug|Any CPU
		{D033BEB2-EAD8-464C-9712-0AC4BB024E55}.Debug|Any CPU.Build.0 = Debug|Any CPU
		{D033BEB2-EAD8-464C-9712-0AC4BB024E55}.Release|Any CPU.ActiveCfg = Release|Any CPU
		{D033BEB2-EAD8-464C-9712-0AC4BB024E55}.Release|Any CPU.Build.0 = Release|Any CPU
	EndGlobalSection
	GlobalSection(SolutionProperties) = preSolution
		HideSolutionNode = FALSE
	EndGlobalSection
	GlobalSection(ExtensibilityGlobals) = postSolution
		SolutionGuid = {EB06D0D3-E546-4C36-918E-D802956C8757}
	EndGlobalSection
EndGlobal
